
Microsoft Visual Studio Solution File, Format Version 12.00
# Visual Studio 15
VisualStudioVersion = 15.0.28307.852
MinimumVisualStudioVersion = 10.0.40219.1
Project("{8BC9CEB8-8B4A-11D0-8D11-00A0C91BC942}") = "OpenGL0", "OpenGL0\OpenGL0.vcxproj", "{D2465F38-2C4A-464F-A72D-3A71A243C58F}"
EndProject
Project("{8BC9CEB8-8B4A-11D0-8D11-00A0C91BC942}") = "glfw", "glfw\proj\src\glfw.vcxproj", "{122E461F-D323-3E2F-AFDE-BAB69AD6F84C}"
EndProject
Global
	GlobalSection(SolutionConfigurationPlatforms) = preSolution
		Debug|x64 = Debug|x64
		Debug|x86 = Debug|x86
		MinSizeRel|x64 = MinSizeRel|x64
		MinSizeRel|x86 = MinSizeRel|x86
		Release|x64 = Release|x64
		Release|x86 = Release|x86
		RelWithDebInfo|x64 = RelWithDebInfo|x64
		RelWithDebInfo|x86 = RelWithDebInfo|x86
	EndGlobalSection
	GlobalSection(ProjectConfigurationPlatforms) = postSolution
		{D2465F38-2C4A-464F-A72D-3A71A243C58F}.Debug|x64.ActiveCfg = Debug|x64
		{D2465F38-2C4A-464F-A72D-3A71A243C58F}.Debug|x64.Build.0 = Debug|x64
		{D2465F38-2C4A-464F-A72D-3A71A243C58F}.Debug|x86.ActiveCfg = Debug|Win32
		{D2465F38-2C4A-464F-A72D-3A71A243C58F}.Debug|x86.Build.0 = Debug|Win32
		{D2465F38-2C4A-464F-A72D-3A71A243C58F}.MinSizeRel|x64.ActiveCfg = Release|x64
		{D2465F38-2C4A-464F-A72D-3A71A243C58F}.MinSizeRel|x64.Build.0 = Release|x64
		{D2465F38-2C4A-464F-A72D-3A71A243C58F}.MinSizeRel|x86.ActiveCfg = Release|Win32
		{D2465F38-2C4A-464F-A72D-3A71A243C58F}.MinSizeRel|x86.Build.0 = Release|Win32
		{D2465F38-2C4A-464F-A72D-3A71A243C58F}.Release|x64.ActiveCfg = Release|x64
		{D2465F38-2C4A-464F-A72D-3A71A243C58F}.Release|x64.Build.0 = Release|x64
		{D2465F38-2C4A-464F-A72D-3A71A243C58F}.Release|x86.ActiveCfg = Release|Win32
		{D2465F38-2C4A-464F-A72D-3A71A243C58F}.Release|x86.Build.0 = Release|Win32
		{D2465F38-2C4A-464F-A72D-3A71A243C58F}.RelWithDebInfo|x64.ActiveCfg = Release|x64
		{D2465F38-2C4A-464F-A72D-3A71A243C58F}.RelWithDebInfo|x64.Build.0 = Release|x64
		{D2465F38-2C4A-464F-A72D-3A71A243C58F}.RelWithDebInfo|x86.ActiveCfg = Release|Win32
		{D2465F38-2C4A-464F-A72D-3A71A243C58F}.RelWithDebInfo|x86.Build.0 = Release|Win32
		{122E461F-D323-3E2F-AFDE-BAB69AD6F84C}.Debug|x64.ActiveCfg = Debug|Win32
		{122E461F-D323-3E2F-AFDE-BAB69AD6F84C}.Debug|x86.ActiveCfg = Debug|Win32
		{122E461F-D323-3E2F-AFDE-BAB69AD6F84C}.Debug|x86.Build.0 = Debug|Win32
		{122E461F-D323-3E2F-AFDE-BAB69AD6F84C}.MinSizeRel|x64.ActiveCfg = MinSizeRel|Win32
		{122E461F-D323-3E2F-AFDE-BAB69AD6F84C}.MinSizeRel|x86.ActiveCfg = MinSizeRel|Win32
		{122E461F-D323-3E2F-AFDE-BAB69AD6F84C}.MinSizeRel|x86.Build.0 = MinSizeRel|Win32
		{122E461F-D323-3E2F-AFDE-BAB69AD6F84C}.Release|x64.ActiveCfg = Release|Win32
		{122E461F-D323-3E2F-AFDE-BAB69AD6F84C}.Release|x86.ActiveCfg = Release|Win32
		{122E461F-D323-3E2F-AFDE-BAB69AD6F84C}.Release|x86.Build.0 = Release|Win32
		{122E461F-D323-3E2F-AFDE-BAB69AD6F84C}.RelWithDebInfo|x64.ActiveCfg = RelWithDebInfo|Win32
		{122E461F-D323-3E2F-AFDE-BAB69AD6F84C}.RelWithDebInfo|x86.ActiveCfg = RelWithDebInfo|Win32
		{122E461F-D323-3E2F-AFDE-BAB69AD6F84C}.RelWithDebInfo|x86.Build.0 = RelWithDebInfo|Win32
	EndGlobalSection
	GlobalSection(SolutionProperties) = preSolution
		HideSolutionNode = FALSE
	EndGlobalSection
	GlobalSection(ExtensibilityGlobals) = postSolution
		SolutionGuid = {0049A248-FEAD-4C7A-93FF-E5596ADCAFDA}
	EndGlobalSection
EndGlobal
