<?xml version="1.0" encoding="utf-8"?>
<Project ToolsVersion="16.0" xmlns="http://schemas.microsoft.com/developer/msbuild/2003">
  <ItemGroup>
    <ClCompile Include="D:\Project\CWorkspace\OpenGL0\glfw\examples\gears.c">
      <Filter>Source Files</Filter>
    </ClCompile>
    <ClCompile Include="D:\Project\CWorkspace\OpenGL0\glfw\deps\glad_gl.c">
      <Filter>Source Files</Filter>
    </ClCompile>
  </ItemGroup>
  <ItemGroup>
    <ClInclude Include="D:\Project\CWorkspace\OpenGL0\glfw\deps\glad\gl.h">
      <Filter>Header Files</Filter>
    </ClInclude>
  </ItemGroup>
  <ItemGroup>
    <CustomBuild Include="D:\Project\CWorkspace\OpenGL0\glfw\examples\CMakeLists.txt" />
  </ItemGroup>
  <ItemGroup>
    <ResourceCompile Include="D:\Project\CWorkspace\OpenGL0\glfw\examples\glfw.rc">
      <Filter>Source Files</Filter>
    </ResourceCompile>
  </ItemGroup>
  <ItemGroup>
    <Filter Include="Header Files">
      <UniqueIdentifier>{338AD94E-5FD0-3EF4-AE81-010D76B6ED85}</UniqueIdentifier>
    </Filter>
    <Filter Include="Source Files">
      <UniqueIdentifier>{5030129F-2D4C-3019-8BD4-9B2864A07E59}</UniqueIdentifier>
    </Filter>
  </ItemGroup>
</Project>
